
Microsoft Visual Studio Solution File, Format Version 12.00
# Visual Studio Version 17
VisualStudioVersion = 17.5.002.0
MinimumVisualStudioVersion = 10.0.40219.1
Project("{9A19103F-16F7-4668-BE54-9A1E7A4F7556}") = "MyMvcApp", "MyMvcApp.csproj", "{647000DC-3552-4171-8DBF-F0CB434C0447}"
EndProject
Project("{FAE04EC0-301F-11D3-BF4B-00C04F79EFBC}") = "MyMvcApp.Tests", "MyMvcApp.Tests\MyMvcApp.Tests.csproj", "{EE3793BB-2970-4510-9FCC-80E42090E212}"
EndProject
Global
	GlobalSection(SolutionConfigurationPlatforms) = preSolution
		Debug|Any CPU = Debug|Any CPU
		Release|Any CPU = Release|Any CPU
	EndGlobalSection
	GlobalSection(ProjectConfigurationPlatforms) = postSolution
		{647000DC-3552-4171-8DBF-F0CB434C0447}.Debug|Any CPU.ActiveCfg = Debug|Any CPU
		{647000DC-3552-4171-8DBF-F0CB434C0447}.Debug|Any CPU.Build.0 = Debug|Any CPU
		{647000DC-3552-4171-8DBF-F0CB434C0447}.Release|Any CPU.ActiveCfg = Release|Any CPU
		{647000DC-3552-4171-8DBF-F0CB434C0447}.Release|Any CPU.Build.0 = Release|Any CPU
		{EE3793BB-2970-4510-9FCC-80E42090E212}.Debug|Any CPU.ActiveCfg = Debug|Any CPU
		{EE3793BB-2970-4510-9FCC-80E42090E212}.Debug|Any CPU.Build.0 = Debug|Any CPU
		{EE3793BB-2970-4510-9FCC-80E42090E212}.Release|Any CPU.ActiveCfg = Release|Any CPU
		{EE3793BB-2970-4510-9FCC-80E42090E212}.Release|Any CPU.Build.0 = Release|Any CPU
	EndGlobalSection
	GlobalSection(SolutionProperties) = preSolution
		HideSolutionNode = FALSE
	EndGlobalSection
	GlobalSection(ExtensibilityGlobals) = postSolution
		SolutionGuid = {CA465486-2F5E-4053-8238-14B1C7CB988C}
	EndGlobalSection
EndGlobal
